
Microsoft Visual Studio Solution File, Format Version 10.00
# Visual C# Express 2008
Project("{FAE04EC0-301F-11D3-BF4B-00C04F79EFBC}") = "srcToTex", "srcToTex.csproj", "{06FAF063-621D-485A-B6A4-E05EAF970F6C}"
EndProject
Global
	GlobalSection(SolutionConfigurationPlatforms) = preSolution
		Debug|Any CPU = Debug|Any CPU
		Release|Any CPU = Release|Any CPU
	EndGlobalSection
	GlobalSection(ProjectConfigurationPlatforms) = postSolution
		{06FAF063-621D-485A-B6A4-E05EAF970F6C}.Debug|Any CPU.ActiveCfg = Debug|Any CPU
		{06FAF063-621D-485A-B6A4-E05EAF970F6C}.Debug|Any CPU.Build.0 = Debug|Any CPU
		{06FAF063-621D-485A-B6A4-E05EAF970F6C}.Release|Any CPU.ActiveCfg = Release|Any CPU
		{06FAF063-621D-485A-B6A4-E05EAF970F6C}.Release|Any CPU.Build.0 = Release|Any CPU
	EndGlobalSection
	GlobalSection(NestedProjects) = preSolution
	EndGlobalSection
	GlobalSection(SolutionProperties) = preSolution
		HideSolutionNode = FALSE
	EndGlobalSection
EndGlobal
